
Microsoft Visual Studio Solution File, Format Version 12.00
# Visual Studio Version 17
VisualStudioVersion = 17.11.35303.130
MinimumVisualStudioVersion = 10.0.40219.1
Project("{FAE04EC0-301F-11D3-BF4B-00C04F79EFBC}") = "MainApp", "MainApp\MainApp.csproj", "{C372C4E0-2648-4ECA-9BAE-78DA98C9F8B1}"
EndProject
Project("{FAE04EC0-301F-11D3-BF4B-00C04F79EFBC}") = "Resources", "Resources\Resources.csproj", "{7B8F2622-CA34-43DE-BA7C-A672FC1F0DEF}"
EndProject
Project("{FAE04EC0-301F-11D3-BF4B-00C04F79EFBC}") = "Resources.Tests", "Resources.Tests\Resources.Tests.csproj", "{2CE603CD-B4FC-4BFA-BFEC-367E3206887E}"
EndProject
Global
	GlobalSection(SolutionConfigurationPlatforms) = preSolution
		Debug|Any CPU = Debug|Any CPU
		Release|Any CPU = Release|Any CPU
	EndGlobalSection
	GlobalSection(ProjectConfigurationPlatforms) = postSolution
		{C372C4E0-2648-4ECA-9BAE-78DA98C9F8B1}.Debug|Any CPU.ActiveCfg = Debug|Any CPU
		{C372C4E0-2648-4ECA-9BAE-78DA98C9F8B1}.Debug|Any CPU.Build.0 = Debug|Any CPU
		{C372C4E0-2648-4ECA-9BAE-78DA98C9F8B1}.Release|Any CPU.ActiveCfg = Release|Any CPU
		{C372C4E0-2648-4ECA-9BAE-78DA98C9F8B1}.Release|Any CPU.Build.0 = Release|Any CPU
		{7B8F2622-CA34-43DE-BA7C-A672FC1F0DEF}.Debug|Any CPU.ActiveCfg = Debug|Any CPU
		{7B8F2622-CA34-43DE-BA7C-A672FC1F0DEF}.Debug|Any CPU.Build.0 = Debug|Any CPU
		{7B8F2622-CA34-43DE-BA7C-A672FC1F0DEF}.Release|Any CPU.ActiveCfg = Release|Any CPU
		{7B8F2622-CA34-43DE-BA7C-A672FC1F0DEF}.Release|Any CPU.Build.0 = Release|Any CPU
		{2CE603CD-B4FC-4BFA-BFEC-367E3206887E}.Debug|Any CPU.ActiveCfg = Debug|Any CPU
		{2CE603CD-B4FC-4BFA-BFEC-367E3206887E}.Debug|Any CPU.Build.0 = Debug|Any CPU
		{2CE603CD-B4FC-4BFA-BFEC-367E3206887E}.Release|Any CPU.ActiveCfg = Release|Any CPU
		{2CE603CD-B4FC-4BFA-BFEC-367E3206887E}.Release|Any CPU.Build.0 = Release|Any CPU
	EndGlobalSection
	GlobalSection(SolutionProperties) = preSolution
		HideSolutionNode = FALSE
	EndGlobalSection
	GlobalSection(ExtensibilityGlobals) = postSolution
		SolutionGuid = {9E46864E-23D5-4906-8417-F70EC5882550}
	EndGlobalSection
EndGlobal
